
Microsoft Visual Studio Solution File, Format Version 12.00
# Visual Studio Version 17
VisualStudioVersion = 17.9.34728.123
MinimumVisualStudioVersion = 10.0.40219.1
Project("{FAE04EC0-301F-11D3-BF4B-00C04F79EFBC}") = "SoftUni", "SoftUni\SoftUni.csproj", "{B1075B4F-3508-40DB-9649-F9CC05365AA9}"
EndProject
Global
	GlobalSection(SolutionConfigurationPlatforms) = preSolution
		Debug|Any CPU = Debug|Any CPU
		Release|Any CPU = Release|Any CPU
	EndGlobalSection
	GlobalSection(ProjectConfigurationPlatforms) = postSolution
		{B1075B4F-3508-40DB-9649-F9CC05365AA9}.Debug|Any CPU.ActiveCfg = Debug|Any CPU
		{B1075B4F-3508-40DB-9649-F9CC05365AA9}.Debug|Any CPU.Build.0 = Debug|Any CPU
		{B1075B4F-3508-40DB-9649-F9CC05365AA9}.Release|Any CPU.ActiveCfg = Release|Any CPU
		{B1075B4F-3508-40DB-9649-F9CC05365AA9}.Release|Any CPU.Build.0 = Release|Any CPU
	EndGlobalSection
	GlobalSection(SolutionProperties) = preSolution
		HideSolutionNode = FALSE
	EndGlobalSection
	GlobalSection(ExtensibilityGlobals) = postSolution
		SolutionGuid = {47D7A8D2-FAE4-4D9E-AAEE-CA04CDC1F116}
	EndGlobalSection
EndGlobal
