
Microsoft Visual Studio Solution File, Format Version 12.00
# Visual Studio Version 17
VisualStudioVersion = 17.5.33516.290
MinimumVisualStudioVersion = 10.0.40219.1
Project("{FAE04EC0-301F-11D3-BF4B-00C04F79EFBC}") = "01.MatchFullName", "01.MatchFullName\01.MatchFullName.csproj", "{4128D8C5-50E0-4499-BB0E-FD34C5D2C6F2}"
EndProject
Project("{FAE04EC0-301F-11D3-BF4B-00C04F79EFBC}") = "02.MatchPhoneNumbers", "02.MatchPhoneNumbers\02.MatchPhoneNumbers.csproj", "{0616209A-B14C-440E-80AB-228849205E38}"
EndProject
Project("{FAE04EC0-301F-11D3-BF4B-00C04F79EFBC}") = "03.MatchDates", "03.MatchDates\03.MatchDates.csproj", "{8E9A5D18-8152-4D2E-BCEE-EDCF5DDB52BA}"
EndProject
Global
	GlobalSection(SolutionConfigurationPlatforms) = preSolution
		Debug|Any CPU = Debug|Any CPU
		Release|Any CPU = Release|Any CPU
	EndGlobalSection
	GlobalSection(ProjectConfigurationPlatforms) = postSolution
		{4128D8C5-50E0-4499-BB0E-FD34C5D2C6F2}.Debug|Any CPU.ActiveCfg = Debug|Any CPU
		{4128D8C5-50E0-4499-BB0E-FD34C5D2C6F2}.Debug|Any CPU.Build.0 = Debug|Any CPU
		{4128D8C5-50E0-4499-BB0E-FD34C5D2C6F2}.Release|Any CPU.ActiveCfg = Release|Any CPU
		{4128D8C5-50E0-4499-BB0E-FD34C5D2C6F2}.Release|Any CPU.Build.0 = Release|Any CPU
		{0616209A-B14C-440E-80AB-228849205E38}.Debug|Any CPU.ActiveCfg = Debug|Any CPU
		{0616209A-B14C-440E-80AB-228849205E38}.Debug|Any CPU.Build.0 = Debug|Any CPU
		{0616209A-B14C-440E-80AB-228849205E38}.Release|Any CPU.ActiveCfg = Release|Any CPU
		{0616209A-B14C-440E-80AB-228849205E38}.Release|Any CPU.Build.0 = Release|Any CPU
		{8E9A5D18-8152-4D2E-BCEE-EDCF5DDB52BA}.Debug|Any CPU.ActiveCfg = Debug|Any CPU
		{8E9A5D18-8152-4D2E-BCEE-EDCF5DDB52BA}.Debug|Any CPU.Build.0 = Debug|Any CPU
		{8E9A5D18-8152-4D2E-BCEE-EDCF5DDB52BA}.Release|Any CPU.ActiveCfg = Release|Any CPU
		{8E9A5D18-8152-4D2E-BCEE-EDCF5DDB52BA}.Release|Any CPU.Build.0 = Release|Any CPU
	EndGlobalSection
	GlobalSection(SolutionProperties) = preSolution
		HideSolutionNode = FALSE
	EndGlobalSection
	GlobalSection(ExtensibilityGlobals) = postSolution
		SolutionGuid = {6B9C7170-B412-4D83-886D-69C17348ED18}
	EndGlobalSection
EndGlobal
