
Microsoft Visual Studio Solution File, Format Version 12.00
# Visual Studio Version 17
VisualStudioVersion = 17.5.33516.290
MinimumVisualStudioVersion = 10.0.40219.1
Project("{9A19103F-16F7-4668-BE54-9A1E7A4F7556}") = "01.RandomizeWords", "01.RandomizeWords\01.RandomizeWords.csproj", "{78C1B51F-6F6D-4637-8171-9E86CD24AB1A}"
EndProject
Project("{9A19103F-16F7-4668-BE54-9A1E7A4F7556}") = "02.BigInt", "02.BigInteger\02.BigInt.csproj", "{CA519A45-8C68-4C4C-AA52-6320CE7EB7B7}"
EndProject
Project("{9A19103F-16F7-4668-BE54-9A1E7A4F7556}") = "03.Songs", "03.Songs\03.Songs.csproj", "{1C5F23DF-4FC2-4162-8D7E-A19D9BE74920}"
EndProject
Project("{9A19103F-16F7-4668-BE54-9A1E7A4F7556}") = "04.Students", "04.Students\04.Students.csproj", "{492F80B7-85F0-4DAD-A4E4-AE873B9075A9}"
EndProject
Project("{FAE04EC0-301F-11D3-BF4B-00C04F79EFBC}") = "05.Students2.0", "05.Students2.0\05.Students2.0.csproj", "{A2320C44-9C46-4D3B-A762-453C7D9CE7C8}"
EndProject
Project("{FAE04EC0-301F-11D3-BF4B-00C04F79EFBC}") = "06.StoreBoxes", "06.StoreBoxes\06.StoreBoxes.csproj", "{43FEA5F0-95F1-46CD-8BDD-75F4E67086C2}"
EndProject
Project("{FAE04EC0-301F-11D3-BF4B-00C04F79EFBC}") = "07.VehicleCatalogue", "07.VehicleCatalogue\07.VehicleCatalogue.csproj", "{54720031-54A1-4B51-8EF9-B02B4DD61080}"
EndProject
Global
	GlobalSection(SolutionConfigurationPlatforms) = preSolution
		Debug|Any CPU = Debug|Any CPU
		Release|Any CPU = Release|Any CPU
	EndGlobalSection
	GlobalSection(ProjectConfigurationPlatforms) = postSolution
		{78C1B51F-6F6D-4637-8171-9E86CD24AB1A}.Debug|Any CPU.ActiveCfg = Debug|Any CPU
		{78C1B51F-6F6D-4637-8171-9E86CD24AB1A}.Debug|Any CPU.Build.0 = Debug|Any CPU
		{78C1B51F-6F6D-4637-8171-9E86CD24AB1A}.Release|Any CPU.ActiveCfg = Release|Any CPU
		{78C1B51F-6F6D-4637-8171-9E86CD24AB1A}.Release|Any CPU.Build.0 = Release|Any CPU
		{CA519A45-8C68-4C4C-AA52-6320CE7EB7B7}.Debug|Any CPU.ActiveCfg = Debug|Any CPU
		{CA519A45-8C68-4C4C-AA52-6320CE7EB7B7}.Debug|Any CPU.Build.0 = Debug|Any CPU
		{CA519A45-8C68-4C4C-AA52-6320CE7EB7B7}.Release|Any CPU.ActiveCfg = Release|Any CPU
		{CA519A45-8C68-4C4C-AA52-6320CE7EB7B7}.Release|Any CPU.Build.0 = Release|Any CPU
		{1C5F23DF-4FC2-4162-8D7E-A19D9BE74920}.Debug|Any CPU.ActiveCfg = Debug|Any CPU
		{1C5F23DF-4FC2-4162-8D7E-A19D9BE74920}.Debug|Any CPU.Build.0 = Debug|Any CPU
		{1C5F23DF-4FC2-4162-8D7E-A19D9BE74920}.Release|Any CPU.ActiveCfg = Release|Any CPU
		{1C5F23DF-4FC2-4162-8D7E-A19D9BE74920}.Release|Any CPU.Build.0 = Release|Any CPU
		{492F80B7-85F0-4DAD-A4E4-AE873B9075A9}.Debug|Any CPU.ActiveCfg = Debug|Any CPU
		{492F80B7-85F0-4DAD-A4E4-AE873B9075A9}.Debug|Any CPU.Build.0 = Debug|Any CPU
		{492F80B7-85F0-4DAD-A4E4-AE873B9075A9}.Release|Any CPU.ActiveCfg = Release|Any CPU
		{492F80B7-85F0-4DAD-A4E4-AE873B9075A9}.Release|Any CPU.Build.0 = Release|Any CPU
		{A2320C44-9C46-4D3B-A762-453C7D9CE7C8}.Debug|Any CPU.ActiveCfg = Debug|Any CPU
		{A2320C44-9C46-4D3B-A762-453C7D9CE7C8}.Debug|Any CPU.Build.0 = Debug|Any CPU
		{A2320C44-9C46-4D3B-A762-453C7D9CE7C8}.Release|Any CPU.ActiveCfg = Release|Any CPU
		{A2320C44-9C46-4D3B-A762-453C7D9CE7C8}.Release|Any CPU.Build.0 = Release|Any CPU
		{43FEA5F0-95F1-46CD-8BDD-75F4E67086C2}.Debug|Any CPU.ActiveCfg = Debug|Any CPU
		{43FEA5F0-95F1-46CD-8BDD-75F4E67086C2}.Debug|Any CPU.Build.0 = Debug|Any CPU
		{43FEA5F0-95F1-46CD-8BDD-75F4E67086C2}.Release|Any CPU.ActiveCfg = Release|Any CPU
		{43FEA5F0-95F1-46CD-8BDD-75F4E67086C2}.Release|Any CPU.Build.0 = Release|Any CPU
		{54720031-54A1-4B51-8EF9-B02B4DD61080}.Debug|Any CPU.ActiveCfg = Debug|Any CPU
		{54720031-54A1-4B51-8EF9-B02B4DD61080}.Debug|Any CPU.Build.0 = Debug|Any CPU
		{54720031-54A1-4B51-8EF9-B02B4DD61080}.Release|Any CPU.ActiveCfg = Release|Any CPU
		{54720031-54A1-4B51-8EF9-B02B4DD61080}.Release|Any CPU.Build.0 = Release|Any CPU
	EndGlobalSection
	GlobalSection(SolutionProperties) = preSolution
		HideSolutionNode = FALSE
	EndGlobalSection
	GlobalSection(ExtensibilityGlobals) = postSolution
		SolutionGuid = {E071325A-7EA0-48AE-BCA1-14C9A84E6DB3}
	EndGlobalSection
EndGlobal
