
Microsoft Visual Studio Solution File, Format Version 12.00
# Visual Studio Version 17
VisualStudioVersion = 17.5.33516.290
MinimumVisualStudioVersion = 10.0.40219.1
Project("{FAE04EC0-301F-11D3-BF4B-00C04F79EFBC}") = "01.AdvertismentsMesseges", "01.AdvertismentsMesseges\01.AdvertismentsMesseges.csproj", "{04F5FD3D-E15E-4F3E-A804-CDE801054DCF}"
EndProject
Global
	GlobalSection(SolutionConfigurationPlatforms) = preSolution
		Debug|Any CPU = Debug|Any CPU
		Release|Any CPU = Release|Any CPU
	EndGlobalSection
	GlobalSection(ProjectConfigurationPlatforms) = postSolution
		{04F5FD3D-E15E-4F3E-A804-CDE801054DCF}.Debug|Any CPU.ActiveCfg = Debug|Any CPU
		{04F5FD3D-E15E-4F3E-A804-CDE801054DCF}.Debug|Any CPU.Build.0 = Debug|Any CPU
		{04F5FD3D-E15E-4F3E-A804-CDE801054DCF}.Release|Any CPU.ActiveCfg = Release|Any CPU
		{04F5FD3D-E15E-4F3E-A804-CDE801054DCF}.Release|Any CPU.Build.0 = Release|Any CPU
	EndGlobalSection
	GlobalSection(SolutionProperties) = preSolution
		HideSolutionNode = FALSE
	EndGlobalSection
	GlobalSection(ExtensibilityGlobals) = postSolution
		SolutionGuid = {1A31BDF3-7E4F-491A-8978-1E597863B3C6}
	EndGlobalSection
EndGlobal
