
Microsoft Visual Studio Solution File, Format Version 12.00
# Visual Studio Version 17
VisualStudioVersion = 17.9.34728.123
MinimumVisualStudioVersion = 10.0.40219.1
Project("{9A19103F-16F7-4668-BE54-9A1E7A4F7556}") = "P01_StudentSystem", "P01_StudentSystem\P01_StudentSystem.csproj", "{DB031F1F-5B89-4FEA-B8FF-43FE1AA5B83A}"
EndProject
Project("{FAE04EC0-301F-11D3-BF4B-00C04F79EFBC}") = "P02_FootballBetting", "P02_FootballBetting\P02_FootballBetting.csproj", "{0AD52E4C-B408-491A-A7F4-7A5F74734136}"
EndProject
Global
	GlobalSection(SolutionConfigurationPlatforms) = preSolution
		Debug|Any CPU = Debug|Any CPU
		Release|Any CPU = Release|Any CPU
	EndGlobalSection
	GlobalSection(ProjectConfigurationPlatforms) = postSolution
		{DB031F1F-5B89-4FEA-B8FF-43FE1AA5B83A}.Debug|Any CPU.ActiveCfg = Debug|Any CPU
		{DB031F1F-5B89-4FEA-B8FF-43FE1AA5B83A}.Debug|Any CPU.Build.0 = Debug|Any CPU
		{DB031F1F-5B89-4FEA-B8FF-43FE1AA5B83A}.Release|Any CPU.ActiveCfg = Release|Any CPU
		{DB031F1F-5B89-4FEA-B8FF-43FE1AA5B83A}.Release|Any CPU.Build.0 = Release|Any CPU
		{0AD52E4C-B408-491A-A7F4-7A5F74734136}.Debug|Any CPU.ActiveCfg = Debug|Any CPU
		{0AD52E4C-B408-491A-A7F4-7A5F74734136}.Debug|Any CPU.Build.0 = Debug|Any CPU
		{0AD52E4C-B408-491A-A7F4-7A5F74734136}.Release|Any CPU.ActiveCfg = Release|Any CPU
		{0AD52E4C-B408-491A-A7F4-7A5F74734136}.Release|Any CPU.Build.0 = Release|Any CPU
	EndGlobalSection
	GlobalSection(SolutionProperties) = preSolution
		HideSolutionNode = FALSE
	EndGlobalSection
	GlobalSection(ExtensibilityGlobals) = postSolution
		SolutionGuid = {EDF0F491-C448-4961-A077-6154CFC1FBB4}
	EndGlobalSection
EndGlobal
