
Microsoft Visual Studio Solution File, Format Version 12.00
# Visual Studio Version 17
VisualStudioVersion = 17.5.33516.290
MinimumVisualStudioVersion = 10.0.40219.1
Project("{FAE04EC0-301F-11D3-BF4B-00C04F79EFBC}") = "01.ChickenSnack", "01.ChickenSnack\01.ChickenSnack.csproj", "{22B9C7C7-1C44-4BC5-883E-1A3A56E33409}"
EndProject
Project("{FAE04EC0-301F-11D3-BF4B-00C04F79EFBC}") = "02.ClearSkies", "02.ClearSkies\02.ClearSkies.csproj", "{F8EEA98F-247E-4D3A-8BA6-A4DA088A158C}"
EndProject
Global
	GlobalSection(SolutionConfigurationPlatforms) = preSolution
		Debug|Any CPU = Debug|Any CPU
		Release|Any CPU = Release|Any CPU
	EndGlobalSection
	GlobalSection(ProjectConfigurationPlatforms) = postSolution
		{22B9C7C7-1C44-4BC5-883E-1A3A56E33409}.Debug|Any CPU.ActiveCfg = Debug|Any CPU
		{22B9C7C7-1C44-4BC5-883E-1A3A56E33409}.Debug|Any CPU.Build.0 = Debug|Any CPU
		{22B9C7C7-1C44-4BC5-883E-1A3A56E33409}.Release|Any CPU.ActiveCfg = Release|Any CPU
		{22B9C7C7-1C44-4BC5-883E-1A3A56E33409}.Release|Any CPU.Build.0 = Release|Any CPU
		{F8EEA98F-247E-4D3A-8BA6-A4DA088A158C}.Debug|Any CPU.ActiveCfg = Debug|Any CPU
		{F8EEA98F-247E-4D3A-8BA6-A4DA088A158C}.Debug|Any CPU.Build.0 = Debug|Any CPU
		{F8EEA98F-247E-4D3A-8BA6-A4DA088A158C}.Release|Any CPU.ActiveCfg = Release|Any CPU
		{F8EEA98F-247E-4D3A-8BA6-A4DA088A158C}.Release|Any CPU.Build.0 = Release|Any CPU
	EndGlobalSection
	GlobalSection(SolutionProperties) = preSolution
		HideSolutionNode = FALSE
	EndGlobalSection
	GlobalSection(ExtensibilityGlobals) = postSolution
		SolutionGuid = {EAD4EDEB-79C0-4185-AD09-5BEB0C5045F7}
	EndGlobalSection
EndGlobal
